// !$*UTF8*$!
{
	archiveVersion = 1;
	classes = {
	};
	objectVersion = 50;
	objects = {

/* Begin PBXBuildFile section */
		C5355816241BD09E00F74DF5 /* EditSpotsView.swift in Sources */ = {isa = PBXBuildFile; fileRef = C5355815241BD09E00F74DF5 /* EditSpotsView.swift */; };
		C557D29C2413991300973A5B /* DirectionView.swift in Sources */ = {isa = PBXBuildFile; fileRef = C557D29B2413991300973A5B /* DirectionView.swift */; };
		C557D29E24139FDA00973A5B /* Spot.swift in Sources */ = {isa = PBXBuildFile; fileRef = C557D29D24139FDA00973A5B /* Spot.swift */; };
		C599A4B0239597D700D32DE7 /* LocationManager.swift in Sources */ = {isa = PBXBuildFile; fileRef = C599A4AF239597D700D32DE7 /* LocationManager.swift */; };
		C5A655C523945C54002C155B /* Spots WatchKit App.app in Embed Watch Content */ = {isa = PBXBuildFile; fileRef = C5A655C423945C54002C155B /* Spots WatchKit App.app */; settings = {ATTRIBUTES = (RemoveHeadersOnCopy, ); }; };
		C5A655CB23945C54002C155B /* Interface.storyboard in Resources */ = {isa = PBXBuildFile; fileRef = C5A655C923945C54002C155B /* Interface.storyboard */; };
		C5A655CD23945C55002C155B /* Assets.xcassets in Resources */ = {isa = PBXBuildFile; fileRef = C5A655CC23945C55002C155B /* Assets.xcassets */; };
		C5A655D423945C55002C155B /* Spots WatchKit Extension.appex in Embed App Extensions */ = {isa = PBXBuildFile; fileRef = C5A655D323945C55002C155B /* Spots WatchKit Extension.appex */; settings = {ATTRIBUTES = (RemoveHeadersOnCopy, ); }; };
		C5A655D923945C55002C155B /* ContentView.swift in Sources */ = {isa = PBXBuildFile; fileRef = C5A655D823945C55002C155B /* ContentView.swift */; };
		C5A655DB23945C55002C155B /* HostingController.swift in Sources */ = {isa = PBXBuildFile; fileRef = C5A655DA23945C55002C155B /* HostingController.swift */; };
		C5A655DD23945C55002C155B /* ExtensionDelegate.swift in Sources */ = {isa = PBXBuildFile; fileRef = C5A655DC23945C55002C155B /* ExtensionDelegate.swift */; };
		C5A655DF23945C55002C155B /* NotificationController.swift in Sources */ = {isa = PBXBuildFile; fileRef = C5A655DE23945C55002C155B /* NotificationController.swift */; };
		C5A655E123945C55002C155B /* NotificationView.swift in Sources */ = {isa = PBXBuildFile; fileRef = C5A655E023945C55002C155B /* NotificationView.swift */; };
		C5A655E323945C56002C155B /* Assets.xcassets in Resources */ = {isa = PBXBuildFile; fileRef = C5A655E223945C56002C155B /* Assets.xcassets */; };
		C5A655E623945C56002C155B /* Preview Assets.xcassets in Resources */ = {isa = PBXBuildFile; fileRef = C5A655E523945C56002C155B /* Preview Assets.xcassets */; };
		C5A655F723945E70002C155B /* InterfaceController.swift in Sources */ = {isa = PBXBuildFile; fileRef = C5A655F623945E70002C155B /* InterfaceController.swift */; };
		C5CB391A2416B4A400D48BB3 /* AddSpotView.swift in Sources */ = {isa = PBXBuildFile; fileRef = C5CB39192416B4A400D48BB3 /* AddSpotView.swift */; };
		C5ECB819239D235A0025B225 /* ListContentView.swift in Sources */ = {isa = PBXBuildFile; fileRef = C5ECB818239D235A0025B225 /* ListContentView.swift */; };
/* End PBXBuildFile section */

/* Begin PBXContainerItemProxy section */
		C5A655C623945C54002C155B /* PBXContainerItemProxy */ = {
			isa = PBXContainerItemProxy;
			containerPortal = C5A655BA23945C54002C155B /* Project object */;
			proxyType = 1;
			remoteGlobalIDString = C5A655C323945C54002C155B;
			remoteInfo = "Spots WatchKit App";
		};
		C5A655D523945C55002C155B /* PBXContainerItemProxy */ = {
			isa = PBXContainerItemProxy;
			containerPortal = C5A655BA23945C54002C155B /* Project object */;
			proxyType = 1;
			remoteGlobalIDString = C5A655D223945C55002C155B;
			remoteInfo = "Spots WatchKit Extension";
		};
/* End PBXContainerItemProxy section */

/* Begin PBXCopyFilesBuildPhase section */
		C5A655EE23945C56002C155B /* Embed App Extensions */ = {
			isa = PBXCopyFilesBuildPhase;
			buildActionMask = 2147483647;
			dstPath = "";
			dstSubfolderSpec = 13;
			files = (
				C5A655D423945C55002C155B /* Spots WatchKit Extension.appex in Embed App Extensions */,
			);
			name = "Embed App Extensions";
			runOnlyForDeploymentPostprocessing = 0;
		};
		C5A655F223945C56002C155B /* Embed Watch Content */ = {
			isa = PBXCopyFilesBuildPhase;
			buildActionMask = 2147483647;
			dstPath = "$(CONTENTS_FOLDER_PATH)/Watch";
			dstSubfolderSpec = 16;
			files = (
				C5A655C523945C54002C155B /* Spots WatchKit App.app in Embed Watch Content */,
			);
			name = "Embed Watch Content";
			runOnlyForDeploymentPostprocessing = 0;
		};
/* End PBXCopyFilesBuildPhase section */

/* Begin PBXFileReference section */
		C5355815241BD09E00F74DF5 /* EditSpotsView.swift */ = {isa = PBXFileReference; lastKnownFileType = sourcecode.swift; path = EditSpotsView.swift; sourceTree = "<group>"; };
		C557D29B2413991300973A5B /* DirectionView.swift */ = {isa = PBXFileReference; lastKnownFileType = sourcecode.swift; path = DirectionView.swift; sourceTree = "<group>"; };
		C557D29D24139FDA00973A5B /* Spot.swift */ = {isa = PBXFileReference; lastKnownFileType = sourcecode.swift; path = Spot.swift; sourceTree = "<group>"; };
		C599A4AF239597D700D32DE7 /* LocationManager.swift */ = {isa = PBXFileReference; lastKnownFileType = sourcecode.swift; path = LocationManager.swift; sourceTree = "<group>"; };
		C5A655C023945C54002C155B /* Spots.app */ = {isa = PBXFileReference; explicitFileType = wrapper.application; includeInIndex = 0; path = Spots.app; sourceTree = BUILT_PRODUCTS_DIR; };
		C5A655C423945C54002C155B /* Spots WatchKit App.app */ = {isa = PBXFileReference; explicitFileType = wrapper.application; includeInIndex = 0; path = "Spots WatchKit App.app"; sourceTree = BUILT_PRODUCTS_DIR; };
		C5A655CA23945C54002C155B /* Base */ = {isa = PBXFileReference; lastKnownFileType = file.storyboard; name = Base; path = Base.lproj/Interface.storyboard; sourceTree = "<group>"; };
		C5A655CC23945C55002C155B /* Assets.xcassets */ = {isa = PBXFileReference; lastKnownFileType = folder.assetcatalog; path = Assets.xcassets; sourceTree = "<group>"; };
		C5A655CE23945C55002C155B /* Info.plist */ = {isa = PBXFileReference; lastKnownFileType = text.plist.xml; path = Info.plist; sourceTree = "<group>"; };
		C5A655D323945C55002C155B /* Spots WatchKit Extension.appex */ = {isa = PBXFileReference; explicitFileType = "wrapper.app-extension"; includeInIndex = 0; path = "Spots WatchKit Extension.appex"; sourceTree = BUILT_PRODUCTS_DIR; };
		C5A655D823945C55002C155B /* ContentView.swift */ = {isa = PBXFileReference; lastKnownFileType = sourcecode.swift; path = ContentView.swift; sourceTree = "<group>"; };
		C5A655DA23945C55002C155B /* HostingController.swift */ = {isa = PBXFileReference; lastKnownFileType = sourcecode.swift; path = HostingController.swift; sourceTree = "<group>"; };
		C5A655DC23945C55002C155B /* ExtensionDelegate.swift */ = {isa = PBXFileReference; lastKnownFileType = sourcecode.swift; path = ExtensionDelegate.swift; sourceTree = "<group>"; };
		C5A655DE23945C55002C155B /* NotificationController.swift */ = {isa = PBXFileReference; lastKnownFileType = sourcecode.swift; path = NotificationController.swift; sourceTree = "<group>"; };
		C5A655E023945C55002C155B /* NotificationView.swift */ = {isa = PBXFileReference; lastKnownFileType = sourcecode.swift; path = NotificationView.swift; sourceTree = "<group>"; };
		C5A655E223945C56002C155B /* Assets.xcassets */ = {isa = PBXFileReference; lastKnownFileType = folder.assetcatalog; path = Assets.xcassets; sourceTree = "<group>"; };
		C5A655E523945C56002C155B /* Preview Assets.xcassets */ = {isa = PBXFileReference; lastKnownFileType = folder.assetcatalog; path = "Preview Assets.xcassets"; sourceTree = "<group>"; };
		C5A655E723945C56002C155B /* Info.plist */ = {isa = PBXFileReference; lastKnownFileType = text.plist.xml; path = Info.plist; sourceTree = "<group>"; };
		C5A655E823945C56002C155B /* PushNotificationPayload.apns */ = {isa = PBXFileReference; lastKnownFileType = text; path = PushNotificationPayload.apns; sourceTree = "<group>"; };
		C5A655F623945E70002C155B /* InterfaceController.swift */ = {isa = PBXFileReference; lastKnownFileType = sourcecode.swift; path = InterfaceController.swift; sourceTree = "<group>"; };
		C5CB39192416B4A400D48BB3 /* AddSpotView.swift */ = {isa = PBXFileReference; lastKnownFileType = sourcecode.swift; path = AddSpotView.swift; sourceTree = "<group>"; };
		C5ECB818239D235A0025B225 /* ListContentView.swift */ = {isa = PBXFileReference; lastKnownFileType = sourcecode.swift; path = ListContentView.swift; sourceTree = "<group>"; };
/* End PBXFileReference section */

/* Begin PBXFrameworksBuildPhase section */
		C5A655D023945C55002C155B /* Frameworks */ = {
			isa = PBXFrameworksBuildPhase;
			buildActionMask = 2147483647;
			files = (
			);
			runOnlyForDeploymentPostprocessing = 0;
		};
/* End PBXFrameworksBuildPhase section */

/* Begin PBXGroup section */
		C5A655B923945C54002C155B = {
			isa = PBXGroup;
			children = (
				C5A655C823945C54002C155B /* Spots WatchKit App */,
				C5A655D723945C55002C155B /* Spots WatchKit Extension */,
				C5A655C123945C54002C155B /* Products */,
			);
			sourceTree = "<group>";
		};
		C5A655C123945C54002C155B /* Products */ = {
			isa = PBXGroup;
			children = (
				C5A655C023945C54002C155B /* Spots.app */,
				C5A655C423945C54002C155B /* Spots WatchKit App.app */,
				C5A655D323945C55002C155B /* Spots WatchKit Extension.appex */,
			);
			name = Products;
			sourceTree = "<group>";
		};
		C5A655C823945C54002C155B /* Spots WatchKit App */ = {
			isa = PBXGroup;
			children = (
				C5A655C923945C54002C155B /* Interface.storyboard */,
				C5A655CC23945C55002C155B /* Assets.xcassets */,
				C5A655CE23945C55002C155B /* Info.plist */,
			);
			path = "Spots WatchKit App";
			sourceTree = "<group>";
		};
		C5A655D723945C55002C155B /* Spots WatchKit Extension */ = {
			isa = PBXGroup;
			children = (
				C5A655E423945C56002C155B /* Preview Content */,
				C5A655E223945C56002C155B /* Assets.xcassets */,
				C5A655E723945C56002C155B /* Info.plist */,
				C5A655D823945C55002C155B /* ContentView.swift */,
				C557D29B2413991300973A5B /* DirectionView.swift */,
				C5ECB818239D235A0025B225 /* ListContentView.swift */,
				C5A655DA23945C55002C155B /* HostingController.swift */,
				C5A655DC23945C55002C155B /* ExtensionDelegate.swift */,
				C5A655DE23945C55002C155B /* NotificationController.swift */,
				C5A655E023945C55002C155B /* NotificationView.swift */,
				C5A655E823945C56002C155B /* PushNotificationPayload.apns */,
				C5A655F623945E70002C155B /* InterfaceController.swift */,
				C599A4AF239597D700D32DE7 /* LocationManager.swift */,
				C557D29D24139FDA00973A5B /* Spot.swift */,
				C5CB39192416B4A400D48BB3 /* AddSpotView.swift */,
				C5355815241BD09E00F74DF5 /* EditSpotsView.swift */,
			);
			path = "Spots WatchKit Extension";
			sourceTree = "<group>";
		};
		C5A655E423945C56002C155B /* Preview Content */ = {
			isa = PBXGroup;
			children = (
				C5A655E523945C56002C155B /* Preview Assets.xcassets */,
			);
			path = "Preview Content";
			sourceTree = "<group>";
		};
/* End PBXGroup section */

/* Begin PBXNativeTarget section */
		C5A655BF23945C54002C155B /* Spots */ = {
			isa = PBXNativeTarget;
			buildConfigurationList = C5A655F323945C56002C155B /* Build configuration list for PBXNativeTarget "Spots" */;
			buildPhases = (
				C5A655BE23945C54002C155B /* Resources */,
				C5A655F223945C56002C155B /* Embed Watch Content */,
			);
			buildRules = (
			);
			dependencies = (
				C5A655C723945C54002C155B /* PBXTargetDependency */,
			);
			name = Spots;
			productName = Spots;
			productReference = C5A655C023945C54002C155B /* Spots.app */;
			productType = "com.apple.product-type.application.watchapp2-container";
		};
		C5A655C323945C54002C155B /* Spots WatchKit App */ = {
			isa = PBXNativeTarget;
			buildConfigurationList = C5A655EF23945C56002C155B /* Build configuration list for PBXNativeTarget "Spots WatchKit App" */;
			buildPhases = (
				C5A655C223945C54002C155B /* Resources */,
				C5A655EE23945C56002C155B /* Embed App Extensions */,
			);
			buildRules = (
			);
			dependencies = (
				C5A655D623945C55002C155B /* PBXTargetDependency */,
			);
			name = "Spots WatchKit App";
			productName = "Spots WatchKit App";
			productReference = C5A655C423945C54002C155B /* Spots WatchKit App.app */;
			productType = "com.apple.product-type.application.watchapp2";
		};
		C5A655D223945C55002C155B /* Spots WatchKit Extension */ = {
			isa = PBXNativeTarget;
			buildConfigurationList = C5A655EB23945C56002C155B /* Build configuration list for PBXNativeTarget "Spots WatchKit Extension" */;
			buildPhases = (
				C5A655CF23945C55002C155B /* Sources */,
				C5A655D023945C55002C155B /* Frameworks */,
				C5A655D123945C55002C155B /* Resources */,
			);
			buildRules = (
			);
			dependencies = (
			);
			name = "Spots WatchKit Extension";
			productName = "Spots WatchKit Extension";
			productReference = C5A655D323945C55002C155B /* Spots WatchKit Extension.appex */;
			productType = "com.apple.product-type.watchkit2-extension";
		};
/* End PBXNativeTarget section */

/* Begin PBXProject section */
		C5A655BA23945C54002C155B /* Project object */ = {
			isa = PBXProject;
			attributes = {
				LastSwiftUpdateCheck = 1120;
				LastUpgradeCheck = 1120;
				ORGANIZATIONNAME = "Guillaume Claverie";
				TargetAttributes = {
					C5A655BF23945C54002C155B = {
						CreatedOnToolsVersion = 11.2.1;
					};
					C5A655C323945C54002C155B = {
						CreatedOnToolsVersion = 11.2.1;
					};
					C5A655D223945C55002C155B = {
						CreatedOnToolsVersion = 11.2.1;
					};
				};
			};
			buildConfigurationList = C5A655BD23945C54002C155B /* Build configuration list for PBXProject "Spots" */;
			compatibilityVersion = "Xcode 9.3";
			developmentRegion = en;
			hasScannedForEncodings = 0;
			knownRegions = (
				en,
				Base,
			);
			mainGroup = C5A655B923945C54002C155B;
			productRefGroup = C5A655C123945C54002C155B /* Products */;
			projectDirPath = "";
			projectRoot = "";
			targets = (
				C5A655BF23945C54002C155B /* Spots */,
				C5A655C323945C54002C155B /* Spots WatchKit App */,
				C5A655D223945C55002C155B /* Spots WatchKit Extension */,
			);
		};
/* End PBXProject section */

/* Begin PBXResourcesBuildPhase section */
		C5A655BE23945C54002C155B /* Resources */ = {
			isa = PBXResourcesBuildPhase;
			buildActionMask = 2147483647;
			files = (
			);
			runOnlyForDeploymentPostprocessing = 0;
		};
		C5A655C223945C54002C155B /* Resources */ = {
			isa = PBXResourcesBuildPhase;
			buildActionMask = 2147483647;
			files = (
				C5A655CD23945C55002C155B /* Assets.xcassets in Resources */,
				C5A655CB23945C54002C155B /* Interface.storyboard in Resources */,
			);
			runOnlyForDeploymentPostprocessing = 0;
		};
		C5A655D123945C55002C155B /* Resources */ = {
			isa = PBXResourcesBuildPhase;
			buildActionMask = 2147483647;
			files = (
				C5A655E623945C56002C155B /* Preview Assets.xcassets in Resources */,
				C5A655E323945C56002C155B /* Assets.xcassets in Resources */,
			);
			runOnlyForDeploymentPostprocessing = 0;
		};
/* End PBXResourcesBuildPhase section */

/* Begin PBXSourcesBuildPhase section */
		C5A655CF23945C55002C155B /* Sources */ = {
			isa = PBXSourcesBuildPhase;
			buildActionMask = 2147483647;
			files = (
				C557D29C2413991300973A5B /* DirectionView.swift in Sources */,
				C5CB391A2416B4A400D48BB3 /* AddSpotView.swift in Sources */,
				C5ECB819239D235A0025B225 /* ListContentView.swift in Sources */,
				C5A655DB23945C55002C155B /* HostingController.swift in Sources */,
				C5A655D923945C55002C155B /* ContentView.swift in Sources */,
				C5A655DF23945C55002C155B /* NotificationController.swift in Sources */,
				C599A4B0239597D700D32DE7 /* LocationManager.swift in Sources */,
				C5A655F723945E70002C155B /* InterfaceController.swift in Sources */,
				C5355816241BD09E00F74DF5 /* EditSpotsView.swift in Sources */,
				C557D29E24139FDA00973A5B /* Spot.swift in Sources */,
				C5A655DD23945C55002C155B /* ExtensionDelegate.swift in Sources */,
				C5A655E123945C55002C155B /* NotificationView.swift in Sources */,
			);
			runOnlyForDeploymentPostprocessing = 0;
		};
/* End PBXSourcesBuildPhase section */

/* Begin PBXTargetDependency section */
		C5A655C723945C54002C155B /* PBXTargetDependency */ = {
			isa = PBXTargetDependency;
			target = C5A655C323945C54002C155B /* Spots WatchKit App */;
			targetProxy = C5A655C623945C54002C155B /* PBXContainerItemProxy */;
		};
		C5A655D623945C55002C155B /* PBXTargetDependency */ = {
			isa = PBXTargetDependency;
			target = C5A655D223945C55002C155B /* Spots WatchKit Extension */;
			targetProxy = C5A655D523945C55002C155B /* PBXContainerItemProxy */;
		};
/* End PBXTargetDependency section */

/* Begin PBXVariantGroup section */
		C5A655C923945C54002C155B /* Interface.storyboard */ = {
			isa = PBXVariantGroup;
			children = (
				C5A655CA23945C54002C155B /* Base */,
			);
			name = Interface.storyboard;
			sourceTree = "<group>";
		};
/* End PBXVariantGroup section */

/* Begin XCBuildConfiguration section */
		C5A655E923945C56002C155B /* Debug */ = {
			isa = XCBuildConfiguration;
			buildSettings = {
				ALWAYS_SEARCH_USER_PATHS = NO;
				CLANG_ANALYZER_NONNULL = YES;
				CLANG_ANALYZER_NUMBER_OBJECT_CONVERSION = YES_AGGRESSIVE;
				CLANG_CXX_LANGUAGE_STANDARD = "gnu++14";
				CLANG_CXX_LIBRARY = "libc++";
				CLANG_ENABLE_MODULES = YES;
				CLANG_ENABLE_OBJC_ARC = YES;
				CLANG_ENABLE_OBJC_WEAK = YES;
				CLANG_WARN_BLOCK_CAPTURE_AUTORELEASING = YES;
				CLANG_WARN_BOOL_CONVERSION = YES;
				CLANG_WARN_COMMA = YES;
				CLANG_WARN_CONSTANT_CONVERSION = YES;
				CLANG_WARN_DEPRECATED_OBJC_IMPLEMENTATIONS = YES;
				CLANG_WARN_DIRECT_OBJC_ISA_USAGE = YES_ERROR;
				CLANG_WARN_DOCUMENTATION_COMMENTS = YES;
				CLANG_WARN_EMPTY_BODY = YES;
				CLANG_WARN_ENUM_CONVERSION = YES;
				CLANG_WARN_INFINITE_RECURSION = YES;
				CLANG_WARN_INT_CONVERSION = YES;
				CLANG_WARN_NON_LITERAL_NULL_CONVERSION = YES;
				CLANG_WARN_OBJC_IMPLICIT_RETAIN_SELF = YES;
				CLANG_WARN_OBJC_LITERAL_CONVERSION = YES;
				CLANG_WARN_OBJC_ROOT_CLASS = YES_ERROR;
				CLANG_WARN_RANGE_LOOP_ANALYSIS = YES;
				CLANG_WARN_STRICT_PROTOTYPES = YES;
				CLANG_WARN_SUSPICIOUS_MOVE = YES;
				CLANG_WARN_UNGUARDED_AVAILABILITY = YES_AGGRESSIVE;
				CLANG_WARN_UNREACHABLE_CODE = YES;
				CLANG_WARN__DUPLICATE_METHOD_MATCH = YES;
				COPY_PHASE_STRIP = NO;
				DEBUG_INFORMATION_FORMAT = dwarf;
				ENABLE_STRICT_OBJC_MSGSEND = YES;
				ENABLE_TESTABILITY = YES;
				GCC_C_LANGUAGE_STANDARD = gnu11;
				GCC_DYNAMIC_NO_PIC = NO;
				GCC_NO_COMMON_BLOCKS = YES;
				GCC_OPTIMIZATION_LEVEL = 0;
				GCC_PREPROCESSOR_DEFINITIONS = (
					"DEBUG=1",
					"$(inherited)",
				);
				GCC_WARN_64_TO_32_BIT_CONVERSION = YES;
				GCC_WARN_ABOUT_RETURN_TYPE = YES_ERROR;
				GCC_WARN_UNDECLARED_SELECTOR = YES;
				GCC_WARN_UNINITIALIZED_AUTOS = YES_AGGRESSIVE;
				GCC_WARN_UNUSED_FUNCTION = YES;
				GCC_WARN_UNUSED_VARIABLE = YES;
				MTL_ENABLE_DEBUG_INFO = INCLUDE_SOURCE;
				MTL_FAST_MATH = YES;
				ONLY_ACTIVE_ARCH = YES;
				SDKROOT = iphoneos;
				SWIFT_ACTIVE_COMPILATION_CONDITIONS = DEBUG;
				SWIFT_OPTIMIZATION_LEVEL = "-Onone";
			};
			name = Debug;
		};
		C5A655EA23945C56002C155B /* Release */ = {
			isa = XCBuildConfiguration;
			buildSettings = {
				ALWAYS_SEARCH_USER_PATHS = NO;
				CLANG_ANALYZER_NONNULL = YES;
				CLANG_ANALYZER_NUMBER_OBJECT_CONVERSION = YES_AGGRESSIVE;
				CLANG_CXX_LANGUAGE_STANDARD = "gnu++14";
				CLANG_CXX_LIBRARY = "libc++";
				CLANG_ENABLE_MODULES = YES;
				CLANG_ENABLE_OBJC_ARC = YES;
				CLANG_ENABLE_OBJC_WEAK = YES;
				CLANG_WARN_BLOCK_CAPTURE_AUTORELEASING = YES;
				CLANG_WARN_BOOL_CONVERSION = YES;
				CLANG_WARN_COMMA = YES;
				CLANG_WARN_CONSTANT_CONVERSION = YES;
				CLANG_WARN_DEPRECATED_OBJC_IMPLEMENTATIONS = YES;
				CLANG_WARN_DIRECT_OBJC_ISA_USAGE = YES_ERROR;
				CLANG_WARN_DOCUMENTATION_COMMENTS = YES;
				CLANG_WARN_EMPTY_BODY = YES;
				CLANG_WARN_ENUM_CONVERSION = YES;
				CLANG_WARN_INFINITE_RECURSION = YES;
				CLANG_WARN_INT_CONVERSION = YES;
				CLANG_WARN_NON_LITERAL_NULL_CONVERSION = YES;
				CLANG_WARN_OBJC_IMPLICIT_RETAIN_SELF = YES;
				CLANG_WARN_OBJC_LITERAL_CONVERSION = YES;
				CLANG_WARN_OBJC_ROOT_CLASS = YES_ERROR;
				CLANG_WARN_RANGE_LOOP_ANALYSIS = YES;
				CLANG_WARN_STRICT_PROTOTYPES = YES;
				CLANG_WARN_SUSPICIOUS_MOVE = YES;
				CLANG_WARN_UNGUARDED_AVAILABILITY = YES_AGGRESSIVE;
				CLANG_WARN_UNREACHABLE_CODE = YES;
				CLANG_WARN__DUPLICATE_METHOD_MATCH = YES;
				COPY_PHASE_STRIP = NO;
				DEBUG_INFORMATION_FORMAT = "dwarf-with-dsym";
				ENABLE_NS_ASSERTIONS = NO;
				ENABLE_STRICT_OBJC_MSGSEND = YES;
				GCC_C_LANGUAGE_STANDARD = gnu11;
				GCC_NO_COMMON_BLOCKS = YES;
				GCC_WARN_64_TO_32_BIT_CONVERSION = YES;
				GCC_WARN_ABOUT_RETURN_TYPE = YES_ERROR;
				GCC_WARN_UNDECLARED_SELECTOR = YES;
				GCC_WARN_UNINITIALIZED_AUTOS = YES_AGGRESSIVE;
				GCC_WARN_UNUSED_FUNCTION = YES;
				GCC_WARN_UNUSED_VARIABLE = YES;
				MTL_ENABLE_DEBUG_INFO = NO;
				MTL_FAST_MATH = YES;
				SDKROOT = iphoneos;
				SWIFT_COMPILATION_MODE = wholemodule;
				SWIFT_OPTIMIZATION_LEVEL = "-O";
				VALIDATE_PRODUCT = YES;
			};
			name = Release;
		};
		C5A655EC23945C56002C155B /* Debug */ = {
			isa = XCBuildConfiguration;
			buildSettings = {
				ASSETCATALOG_COMPILER_COMPLICATION_NAME = Complication;
				CODE_SIGN_STYLE = Automatic;
				CURRENT_PROJECT_VERSION = 7;
				DEVELOPMENT_ASSET_PATHS = "\"Spots WatchKit Extension/Preview Content\"";
				DEVELOPMENT_TEAM = K29MSNV5QP;
				ENABLE_PREVIEWS = YES;
				INFOPLIST_FILE = "Spots WatchKit Extension/Info.plist";
				LD_RUNPATH_SEARCH_PATHS = (
					"$(inherited)",
					"@executable_path/Frameworks",
					"@executable_path/../../Frameworks",
				);
				MARKETING_VERSION = 1.0.2;
				PRODUCT_BUNDLE_IDENTIFIER = com.guillaumeclaverie.Spots.watchkitapp.watchkitextension;
				PRODUCT_NAME = "${TARGET_NAME}";
				SDKROOT = watchos;
				SKIP_INSTALL = YES;
				SWIFT_VERSION = 5.0;
				TARGETED_DEVICE_FAMILY = 4;
				WATCHOS_DEPLOYMENT_TARGET = 6.1;
			};
			name = Debug;
		};
		C5A655ED23945C56002C155B /* Release */ = {
			isa = XCBuildConfiguration;
			buildSettings = {
				ASSETCATALOG_COMPILER_COMPLICATION_NAME = Complication;
				CODE_SIGN_STYLE = Automatic;
				CURRENT_PROJECT_VERSION = 7;
				DEVELOPMENT_ASSET_PATHS = "\"Spots WatchKit Extension/Preview Content\"";
				DEVELOPMENT_TEAM = K29MSNV5QP;
				ENABLE_PREVIEWS = YES;
				INFOPLIST_FILE = "Spots WatchKit Extension/Info.plist";
				LD_RUNPATH_SEARCH_PATHS = (
					"$(inherited)",
					"@executable_path/Frameworks",
					"@executable_path/../../Frameworks",
				);
				MARKETING_VERSION = 1.0.2;
				PRODUCT_BUNDLE_IDENTIFIER = com.guillaumeclaverie.Spots.watchkitapp.watchkitextension;
				PRODUCT_NAME = "${TARGET_NAME}";
				SDKROOT = watchos;
				SKIP_INSTALL = YES;
				SWIFT_VERSION = 5.0;
				TARGETED_DEVICE_FAMILY = 4;
				WATCHOS_DEPLOYMENT_TARGET = 6.1;
			};
			name = Release;
		};
		C5A655F023945C56002C155B /* Debug */ = {
			isa = XCBuildConfiguration;
			buildSettings = {
				ALWAYS_EMBED_SWIFT_STANDARD_LIBRARIES = YES;
				ASSETCATALOG_COMPILER_APPICON_NAME = AppIcon;
				CODE_SIGN_STYLE = Automatic;
				CURRENT_PROJECT_VERSION = 7;
				DEVELOPMENT_TEAM = K29MSNV5QP;
				IBSC_MODULE = Spots_WatchKit_Extension;
				INFOPLIST_FILE = "Spots WatchKit App/Info.plist";
				MARKETING_VERSION = 1.0.2;
				PRODUCT_BUNDLE_IDENTIFIER = com.guillaumeclaverie.Spots.watchkitapp;
				PRODUCT_NAME = "$(TARGET_NAME)";
				SDKROOT = watchos;
				SKIP_INSTALL = YES;
				SWIFT_VERSION = 5.0;
				TARGETED_DEVICE_FAMILY = 4;
				WATCHOS_DEPLOYMENT_TARGET = 6.1;
			};
			name = Debug;
		};
		C5A655F123945C56002C155B /* Release */ = {
			isa = XCBuildConfiguration;
			buildSettings = {
				ALWAYS_EMBED_SWIFT_STANDARD_LIBRARIES = YES;
				ASSETCATALOG_COMPILER_APPICON_NAME = AppIcon;
				CODE_SIGN_STYLE = Automatic;
				CURRENT_PROJECT_VERSION = 7;
				DEVELOPMENT_TEAM = K29MSNV5QP;
				IBSC_MODULE = Spots_WatchKit_Extension;
				INFOPLIST_FILE = "Spots WatchKit App/Info.plist";
				MARKETING_VERSION = 1.0.2;
				PRODUCT_BUNDLE_IDENTIFIER = com.guillaumeclaverie.Spots.watchkitapp;
				PRODUCT_NAME = "$(TARGET_NAME)";
				SDKROOT = watchos;
				SKIP_INSTALL = YES;
				SWIFT_VERSION = 5.0;
				TARGETED_DEVICE_FAMILY = 4;
				WATCHOS_DEPLOYMENT_TARGET = 6.1;
			};
			name = Release;
		};
		C5A655F423945C56002C155B /* Debug */ = {
			isa = XCBuildConfiguration;
			buildSettings = {
				CODE_SIGN_STYLE = Automatic;
				CURRENT_PROJECT_VERSION = 7;
				DEVELOPMENT_TEAM = K29MSNV5QP;
				MARKETING_VERSION = 1.0.2;
				PRODUCT_BUNDLE_IDENTIFIER = com.guillaumeclaverie.Spots;
				PRODUCT_NAME = "$(TARGET_NAME)";
				SUPPORTED_PLATFORMS = "iphonesimulator iphoneos";
				SWIFT_VERSION = 5.0;
			};
			name = Debug;
		};
		C5A655F523945C56002C155B /* Release */ = {
			isa = XCBuildConfiguration;
			buildSettings = {
				CODE_SIGN_STYLE = Automatic;
				CURRENT_PROJECT_VERSION = 7;
				DEVELOPMENT_TEAM = K29MSNV5QP;
				MARKETING_VERSION = 1.0.2;
				PRODUCT_BUNDLE_IDENTIFIER = com.guillaumeclaverie.Spots;
				PRODUCT_NAME = "$(TARGET_NAME)";
				SUPPORTED_PLATFORMS = "iphonesimulator iphoneos";
				SWIFT_VERSION = 5.0;
			};
			name = Release;
		};
/* End XCBuildConfiguration section */

/* Begin XCConfigurationList section */
		C5A655BD23945C54002C155B /* Build configuration list for PBXProject "Spots" */ = {
			isa = XCConfigurationList;
			buildConfigurations = (
				C5A655E923945C56002C155B /* Debug */,
				C5A655EA23945C56002C155B /* Release */,
			);
			defaultConfigurationIsVisible = 0;
			defaultConfigurationName = Release;
		};
		C5A655EB23945C56002C155B /* Build configuration list for PBXNativeTarget "Spots WatchKit Extension" */ = {
			isa = XCConfigurationList;
			buildConfigurations = (
				C5A655EC23945C56002C155B /* Debug */,
				C5A655ED23945C56002C155B /* Release */,
			);
			defaultConfigurationIsVisible = 0;
			defaultConfigurationName = Release;
		};
		C5A655EF23945C56002C155B /* Build configuration list for PBXNativeTarget "Spots WatchKit App" */ = {
			isa = XCConfigurationList;
			buildConfigurations = (
				C5A655F023945C56002C155B /* Debug */,
				C5A655F123945C56002C155B /* Release */,
			);
			defaultConfigurationIsVisible = 0;
			defaultConfigurationName = Release;
		};
		C5A655F323945C56002C155B /* Build configuration list for PBXNativeTarget "Spots" */ = {
			isa = XCConfigurationList;
			buildConfigurations = (
				C5A655F423945C56002C155B /* Debug */,
				C5A655F523945C56002C155B /* Release */,
			);
			defaultConfigurationIsVisible = 0;
			defaultConfigurationName = Release;
		};
/* End XCConfigurationList section */
	};
	rootObject = C5A655BA23945C54002C155B /* Project object */;
}
